// !$*UTF8*$!
{
	archiveVersion = 1;
	classes = {
	};
	objectVersion = 56;
	objects = {

/* Begin PBXBuildFile section */
		B83E046B295DB70500B2F834 /* AppDelegate.swift in Sources */ = {isa = PBXBuildFile; fileRef = B83E046A295DB70500B2F834 /* AppDelegate.swift */; };
		B83E046D295DB70500B2F834 /* SceneDelegate.swift in Sources */ = {isa = PBXBuildFile; fileRef = B83E046C295DB70500B2F834 /* SceneDelegate.swift */; };
		B83E046F295DB70500B2F834 /* ViewController.swift in Sources */ = {isa = PBXBuildFile; fileRef = B83E046E295DB70500B2F834 /* ViewController.swift */; };
		B83E0472295DB70500B2F834 /* Main.storyboard in Resources */ = {isa = PBXBuildFile; fileRef = B83E0470295DB70500B2F834 /* Main.storyboard */; };
		B83E0474295DB70500B2F834 /* Assets.xcassets in Resources */ = {isa = PBXBuildFile; fileRef = B83E0473295DB70500B2F834 /* Assets.xcassets */; };
		B83E0477295DB70500B2F834 /* LaunchScreen.storyboard in Resources */ = {isa = PBXBuildFile; fileRef = B83E0475295DB70500B2F834 /* LaunchScreen.storyboard */; };
		B83E0482295DB70600B2F834 /* _DoList_iOSTests.swift in Sources */ = {isa = PBXBuildFile; fileRef = B83E0481295DB70600B2F834 /* _DoList_iOSTests.swift */; };
		B83E048C295DB70600B2F834 /* _DoList_iOSUITests.swift in Sources */ = {isa = PBXBuildFile; fileRef = B83E048B295DB70600B2F834 /* _DoList_iOSUITests.swift */; };
		B83E048E295DB70600B2F834 /* _DoList_iOSUITestsLaunchTests.swift in Sources */ = {isa = PBXBuildFile; fileRef = B83E048D295DB70600B2F834 /* _DoList_iOSUITestsLaunchTests.swift */; };
/* End PBXBuildFile section */

/* Begin PBXContainerItemProxy section */
		B83E047E295DB70600B2F834 /* PBXContainerItemProxy */ = {
			isa = PBXContainerItemProxy;
			containerPortal = B83E045F295DB70500B2F834 /* Project object */;
			proxyType = 1;
			remoteGlobalIDString = B83E0466295DB70500B2F834;
			remoteInfo = 2DoList_iOS;
		};
		B83E0488295DB70600B2F834 /* PBXContainerItemProxy */ = {
			isa = PBXContainerItemProxy;
			containerPortal = B83E045F295DB70500B2F834 /* Project object */;
			proxyType = 1;
			remoteGlobalIDString = B83E0466295DB70500B2F834;
			remoteInfo = 2DoList_iOS;
		};
/* End PBXContainerItemProxy section */

/* Begin PBXFileReference section */
		B83E0467295DB70500B2F834 /* 2DoList_iOS.app */ = {isa = PBXFileReference; explicitFileType = wrapper.application; includeInIndex = 0; path = 2DoList_iOS.app; sourceTree = BUILT_PRODUCTS_DIR; };
		B83E046A295DB70500B2F834 /* AppDelegate.swift */ = {isa = PBXFileReference; lastKnownFileType = sourcecode.swift; path = AppDelegate.swift; sourceTree = "<group>"; };
		B83E046C295DB70500B2F834 /* SceneDelegate.swift */ = {isa = PBXFileReference; lastKnownFileType = sourcecode.swift; path = SceneDelegate.swift; sourceTree = "<group>"; };
		B83E046E295DB70500B2F834 /* ViewController.swift */ = {isa = PBXFileReference; lastKnownFileType = sourcecode.swift; path = ViewController.swift; sourceTree = "<group>"; };
		B83E0471295DB70500B2F834 /* Base */ = {isa = PBXFileReference; lastKnownFileType = file.storyboard; name = Base; path = Base.lproj/Main.storyboard; sourceTree = "<group>"; };
		B83E0473295DB70500B2F834 /* Assets.xcassets */ = {isa = PBXFileReference; lastKnownFileType = folder.assetcatalog; path = Assets.xcassets; sourceTree = "<group>"; };
		B83E0476295DB70500B2F834 /* Base */ = {isa = PBXFileReference; lastKnownFileType = file.storyboard; name = Base; path = Base.lproj/LaunchScreen.storyboard; sourceTree = "<group>"; };
		B83E0478295DB70500B2F834 /* Info.plist */ = {isa = PBXFileReference; lastKnownFileType = text.plist.xml; path = Info.plist; sourceTree = "<group>"; };
		B83E047D295DB70600B2F834 /* 2DoList_iOSTests.xctest */ = {isa = PBXFileReference; explicitFileType = wrapper.cfbundle; includeInIndex = 0; path = 2DoList_iOSTests.xctest; sourceTree = BUILT_PRODUCTS_DIR; };
		B83E0481295DB70600B2F834 /* _DoList_iOSTests.swift */ = {isa = PBXFileReference; lastKnownFileType = sourcecode.swift; path = _DoList_iOSTests.swift; sourceTree = "<group>"; };
		B83E0487295DB70600B2F834 /* 2DoList_iOSUITests.xctest */ = {isa = PBXFileReference; explicitFileType = wrapper.cfbundle; includeInIndex = 0; path = 2DoList_iOSUITests.xctest; sourceTree = BUILT_PRODUCTS_DIR; };
		B83E048B295DB70600B2F834 /* _DoList_iOSUITests.swift */ = {isa = PBXFileReference; lastKnownFileType = sourcecode.swift; path = _DoList_iOSUITests.swift; sourceTree = "<group>"; };
		B83E048D295DB70600B2F834 /* _DoList_iOSUITestsLaunchTests.swift */ = {isa = PBXFileReference; lastKnownFileType = sourcecode.swift; path = _DoList_iOSUITestsLaunchTests.swift; sourceTree = "<group>"; };
/* End PBXFileReference section */

/* Begin PBXFrameworksBuildPhase section */
		B83E0464295DB70500B2F834 /* Frameworks */ = {
			isa = PBXFrameworksBuildPhase;
			buildActionMask = 2147483647;
			files = (
			);
			runOnlyForDeploymentPostprocessing = 0;
		};
		B83E047A295DB70600B2F834 /* Frameworks */ = {
			isa = PBXFrameworksBuildPhase;
			buildActionMask = 2147483647;
			files = (
			);
			runOnlyForDeploymentPostprocessing = 0;
		};
		B83E0484295DB70600B2F834 /* Frameworks */ = {
			isa = PBXFrameworksBuildPhase;
			buildActionMask = 2147483647;
			files = (
			);
			runOnlyForDeploymentPostprocessing = 0;
		};
/* End PBXFrameworksBuildPhase section */

/* Begin PBXGroup section */
		B83E045E295DB70500B2F834 = {
			isa = PBXGroup;
			children = (
				B83E0469295DB70500B2F834 /* 2DoList_iOS */,
				B83E0480295DB70600B2F834 /* 2DoList_iOSTests */,
				B83E048A295DB70600B2F834 /* 2DoList_iOSUITests */,
				B83E0468295DB70500B2F834 /* Products */,
			);
			sourceTree = "<group>";
		};
		B83E0468295DB70500B2F834 /* Products */ = {
			isa = PBXGroup;
			children = (
				B83E0467295DB70500B2F834 /* 2DoList_iOS.app */,
				B83E047D295DB70600B2F834 /* 2DoList_iOSTests.xctest */,
				B83E0487295DB70600B2F834 /* 2DoList_iOSUITests.xctest */,
			);
			name = Products;
			sourceTree = "<group>";
		};
		B83E0469295DB70500B2F834 /* 2DoList_iOS */ = {
			isa = PBXGroup;
			children = (
				B83E046A295DB70500B2F834 /* AppDelegate.swift */,
				B83E046C295DB70500B2F834 /* SceneDelegate.swift */,
				B83E046E295DB70500B2F834 /* ViewController.swift */,
				B83E0470295DB70500B2F834 /* Main.storyboard */,
				B83E0473295DB70500B2F834 /* Assets.xcassets */,
				B83E0475295DB70500B2F834 /* LaunchScreen.storyboard */,
				B83E0478295DB70500B2F834 /* Info.plist */,
			);
			path = 2DoList_iOS;
			sourceTree = "<group>";
		};
		B83E0480295DB70600B2F834 /* 2DoList_iOSTests */ = {
			isa = PBXGroup;
			children = (
				B83E0481295DB70600B2F834 /* _DoList_iOSTests.swift */,
			);
			path = 2DoList_iOSTests;
			sourceTree = "<group>";
		};
		B83E048A295DB70600B2F834 /* 2DoList_iOSUITests */ = {
			isa = PBXGroup;
			children = (
				B83E048B295DB70600B2F834 /* _DoList_iOSUITests.swift */,
				B83E048D295DB70600B2F834 /* _DoList_iOSUITestsLaunchTests.swift */,
			);
			path = 2DoList_iOSUITests;
			sourceTree = "<group>";
		};
/* End PBXGroup section */

/* Begin PBXNativeTarget section */
		B83E0466295DB70500B2F834 /* 2DoList_iOS */ = {
			isa = PBXNativeTarget;
			buildConfigurationList = B83E0491295DB70600B2F834 /* Build configuration list for PBXNativeTarget "2DoList_iOS" */;
			buildPhases = (
				B83E0463295DB70500B2F834 /* Sources */,
				B83E0464295DB70500B2F834 /* Frameworks */,
				B83E0465295DB70500B2F834 /* Resources */,
			);
			buildRules = (
			);
			dependencies = (
			);
			name = 2DoList_iOS;
			productName = 2DoList_iOS;
			productReference = B83E0467295DB70500B2F834 /* 2DoList_iOS.app */;
			productType = "com.apple.product-type.application";
		};
		B83E047C295DB70600B2F834 /* 2DoList_iOSTests */ = {
			isa = PBXNativeTarget;
			buildConfigurationList = B83E0494295DB70600B2F834 /* Build configuration list for PBXNativeTarget "2DoList_iOSTests" */;
			buildPhases = (
				B83E0479295DB70600B2F834 /* Sources */,
				B83E047A295DB70600B2F834 /* Frameworks */,
				B83E047B295DB70600B2F834 /* Resources */,
			);
			buildRules = (
			);
			dependencies = (
				B83E047F295DB70600B2F834 /* PBXTargetDependency */,
			);
			name = 2DoList_iOSTests;
			productName = 2DoList_iOSTests;
			productReference = B83E047D295DB70600B2F834 /* 2DoList_iOSTests.xctest */;
			productType = "com.apple.product-type.bundle.unit-test";
		};
		B83E0486295DB70600B2F834 /* 2DoList_iOSUITests */ = {
			isa = PBXNativeTarget;
			buildConfigurationList = B83E0497295DB70600B2F834 /* Build configuration list for PBXNativeTarget "2DoList_iOSUITests" */;
			buildPhases = (
				B83E0483295DB70600B2F834 /* Sources */,
				B83E0484295DB70600B2F834 /* Frameworks */,
				B83E0485295DB70600B2F834 /* Resources */,
			);
			buildRules = (
			);
			dependencies = (
				B83E0489295DB70600B2F834 /* PBXTargetDependency */,
			);
			name = 2DoList_iOSUITests;
			productName = 2DoList_iOSUITests;
			productReference = B83E0487295DB70600B2F834 /* 2DoList_iOSUITests.xctest */;
			productType = "com.apple.product-type.bundle.ui-testing";
		};
/* End PBXNativeTarget section */

/* Begin PBXProject section */
		B83E045F295DB70500B2F834 /* Project object */ = {
			isa = PBXProject;
			attributes = {
				BuildIndependentTargetsInParallel = 1;
				LastSwiftUpdateCheck = 1400;
				LastUpgradeCheck = 1400;
				TargetAttributes = {
					B83E0466295DB70500B2F834 = {
						CreatedOnToolsVersion = 14.0;
					};
					B83E047C295DB70600B2F834 = {
						CreatedOnToolsVersion = 14.0;
						TestTargetID = B83E0466295DB70500B2F834;
					};
					B83E0486295DB70600B2F834 = {
						CreatedOnToolsVersion = 14.0;
						TestTargetID = B83E0466295DB70500B2F834;
					};
				};
			};
			buildConfigurationList = B83E0462295DB70500B2F834 /* Build configuration list for PBXProject "2DoList_iOS" */;
			compatibilityVersion = "Xcode 14.0";
			developmentRegion = en;
			hasScannedForEncodings = 0;
			knownRegions = (
				en,
				Base,
			);
			mainGroup = B83E045E295DB70500B2F834;
			productRefGroup = B83E0468295DB70500B2F834 /* Products */;
			projectDirPath = "";
			projectRoot = "";
			targets = (
				B83E0466295DB70500B2F834 /* 2DoList_iOS */,
				B83E047C295DB70600B2F834 /* 2DoList_iOSTests */,
				B83E0486295DB70600B2F834 /* 2DoList_iOSUITests */,
			);
		};
/* End PBXProject section */

/* Begin PBXResourcesBuildPhase section */
		B83E0465295DB70500B2F834 /* Resources */ = {
			isa = PBXResourcesBuildPhase;
			buildActionMask = 2147483647;
			files = (
				B83E0477295DB70500B2F834 /* LaunchScreen.storyboard in Resources */,
				B83E0474295DB70500B2F834 /* Assets.xcassets in Resources */,
				B83E0472295DB70500B2F834 /* Main.storyboard in Resources */,
			);
			runOnlyForDeploymentPostprocessing = 0;
		};
		B83E047B295DB70600B2F834 /* Resources */ = {
			isa = PBXResourcesBuildPhase;
			buildActionMask = 2147483647;
			files = (
			);
			runOnlyForDeploymentPostprocessing = 0;
		};
		B83E0485295DB70600B2F834 /* Resources */ = {
			isa = PBXResourcesBuildPhase;
			buildActionMask = 2147483647;
			files = (
			);
			runOnlyForDeploymentPostprocessing = 0;
		};
/* End PBXResourcesBuildPhase section */

/* Begin PBXSourcesBuildPhase section */
		B83E0463295DB70500B2F834 /* Sources */ = {
			isa = PBXSourcesBuildPhase;
			buildActionMask = 2147483647;
			files = (
				B83E046F295DB70500B2F834 /* ViewController.swift in Sources */,
				B83E046B295DB70500B2F834 /* AppDelegate.swift in Sources */,
				B83E046D295DB70500B2F834 /* SceneDelegate.swift in Sources */,
			);
			runOnlyForDeploymentPostprocessing = 0;
		};
		B83E0479295DB70600B2F834 /* Sources */ = {
			isa = PBXSourcesBuildPhase;
			buildActionMask = 2147483647;
			files = (
				B83E0482295DB70600B2F834 /* _DoList_iOSTests.swift in Sources */,
			);
			runOnlyForDeploymentPostprocessing = 0;
		};
		B83E0483295DB70600B2F834 /* Sources */ = {
			isa = PBXSourcesBuildPhase;
			buildActionMask = 2147483647;
			files = (
				B83E048C295DB70600B2F834 /* _DoList_iOSUITests.swift in Sources */,
				B83E048E295DB70600B2F834 /* _DoList_iOSUITestsLaunchTests.swift in Sources */,
			);
			runOnlyForDeploymentPostprocessing = 0;
		};
/* End PBXSourcesBuildPhase section */

/* Begin PBXTargetDependency section */
		B83E047F295DB70600B2F834 /* PBXTargetDependency */ = {
			isa = PBXTargetDependency;
			target = B83E0466295DB70500B2F834 /* 2DoList_iOS */;
			targetProxy = B83E047E295DB70600B2F834 /* PBXContainerItemProxy */;
		};
		B83E0489295DB70600B2F834 /* PBXTargetDependency */ = {
			isa = PBXTargetDependency;
			target = B83E0466295DB70500B2F834 /* 2DoList_iOS */;
			targetProxy = B83E0488295DB70600B2F834 /* PBXContainerItemProxy */;
		};
/* End PBXTargetDependency section */

/* Begin PBXVariantGroup section */
		B83E0470295DB70500B2F834 /* Main.storyboard */ = {
			isa = PBXVariantGroup;
			children = (
				B83E0471295DB70500B2F834 /* Base */,
			);
			name = Main.storyboard;
			sourceTree = "<group>";
		};
		B83E0475295DB70500B2F834 /* LaunchScreen.storyboard */ = {
			isa = PBXVariantGroup;
			children = (
				B83E0476295DB70500B2F834 /* Base */,
			);
			name = LaunchScreen.storyboard;
			sourceTree = "<group>";
		};
/* End PBXVariantGroup section */

/* Begin XCBuildConfiguration section */
		B83E048F295DB70600B2F834 /* Debug */ = {
			isa = XCBuildConfiguration;
			buildSettings = {
				ALWAYS_SEARCH_USER_PATHS = NO;
				CLANG_ANALYZER_NONNULL = YES;
				CLANG_ANALYZER_NUMBER_OBJECT_CONVERSION = YES_AGGRESSIVE;
				CLANG_CXX_LANGUAGE_STANDARD = "gnu++20";
				CLANG_ENABLE_MODULES = YES;
				CLANG_ENABLE_OBJC_ARC = YES;
				CLANG_ENABLE_OBJC_WEAK = YES;
				CLANG_WARN_BLOCK_CAPTURE_AUTORELEASING = YES;
				CLANG_WARN_BOOL_CONVERSION = YES;
				CLANG_WARN_COMMA = YES;
				CLANG_WARN_CONSTANT_CONVERSION = YES;
				CLANG_WARN_DEPRECATED_OBJC_IMPLEMENTATIONS = YES;
				CLANG_WARN_DIRECT_OBJC_ISA_USAGE = YES_ERROR;
				CLANG_WARN_DOCUMENTATION_COMMENTS = YES;
				CLANG_WARN_EMPTY_BODY = YES;
				CLANG_WARN_ENUM_CONVERSION = YES;
				CLANG_WARN_INFINITE_RECURSION = YES;
				CLANG_WARN_INT_CONVERSION = YES;
				CLANG_WARN_NON_LITERAL_NULL_CONVERSION = YES;
				CLANG_WARN_OBJC_IMPLICIT_RETAIN_SELF = YES;
				CLANG_WARN_OBJC_LITERAL_CONVERSION = YES;
				CLANG_WARN_OBJC_ROOT_CLASS = YES_ERROR;
				CLANG_WARN_QUOTED_INCLUDE_IN_FRAMEWORK_HEADER = YES;
				CLANG_WARN_RANGE_LOOP_ANALYSIS = YES;
				CLANG_WARN_STRICT_PROTOTYPES = YES;
				CLANG_WARN_SUSPICIOUS_MOVE = YES;
				CLANG_WARN_UNGUARDED_AVAILABILITY = YES_AGGRESSIVE;
				CLANG_WARN_UNREACHABLE_CODE = YES;
				CLANG_WARN__DUPLICATE_METHOD_MATCH = YES;
				COPY_PHASE_STRIP = NO;
				DEBUG_INFORMATION_FORMAT = dwarf;
				ENABLE_STRICT_OBJC_MSGSEND = YES;
				ENABLE_TESTABILITY = YES;
				GCC_C_LANGUAGE_STANDARD = gnu11;
				GCC_DYNAMIC_NO_PIC = NO;
				GCC_NO_COMMON_BLOCKS = YES;
				GCC_OPTIMIZATION_LEVEL = 0;
				GCC_PREPROCESSOR_DEFINITIONS = (
					"DEBUG=1",
					"$(inherited)",
				);
				GCC_WARN_64_TO_32_BIT_CONVERSION = YES;
				GCC_WARN_ABOUT_RETURN_TYPE = YES_ERROR;
				GCC_WARN_UNDECLARED_SELECTOR = YES;
				GCC_WARN_UNINITIALIZED_AUTOS = YES_AGGRESSIVE;
				GCC_WARN_UNUSED_FUNCTION = YES;
				GCC_WARN_UNUSED_VARIABLE = YES;
				IPHONEOS_DEPLOYMENT_TARGET = 16.0;
				MTL_ENABLE_DEBUG_INFO = INCLUDE_SOURCE;
				MTL_FAST_MATH = YES;
				ONLY_ACTIVE_ARCH = YES;
				SDKROOT = iphoneos;
				SWIFT_ACTIVE_COMPILATION_CONDITIONS = DEBUG;
				SWIFT_OPTIMIZATION_LEVEL = "-Onone";
			};
			name = Debug;
		};
		B83E0490295DB70600B2F834 /* Release */ = {
			isa = XCBuildConfiguration;
			buildSettings = {
				ALWAYS_SEARCH_USER_PATHS = NO;
				CLANG_ANALYZER_NONNULL = YES;
				CLANG_ANALYZER_NUMBER_OBJECT_CONVERSION = YES_AGGRESSIVE;
				CLANG_CXX_LANGUAGE_STANDARD = "gnu++20";
				CLANG_ENABLE_MODULES = YES;
				CLANG_ENABLE_OBJC_ARC = YES;
				CLANG_ENABLE_OBJC_WEAK = YES;
				CLANG_WARN_BLOCK_CAPTURE_AUTORELEASING = YES;
				CLANG_WARN_BOOL_CONVERSION = YES;
				CLANG_WARN_COMMA = YES;
				CLANG_WARN_CONSTANT_CONVERSION = YES;
				CLANG_WARN_DEPRECATED_OBJC_IMPLEMENTATIONS = YES;
				CLANG_WARN_DIRECT_OBJC_ISA_USAGE = YES_ERROR;
				CLANG_WARN_DOCUMENTATION_COMMENTS = YES;
				CLANG_WARN_EMPTY_BODY = YES;
				CLANG_WARN_ENUM_CONVERSION = YES;
				CLANG_WARN_INFINITE_RECURSION = YES;
				CLANG_WARN_INT_CONVERSION = YES;
				CLANG_WARN_NON_LITERAL_NULL_CONVERSION = YES;
				CLANG_WARN_OBJC_IMPLICIT_RETAIN_SELF = YES;
				CLANG_WARN_OBJC_LITERAL_CONVERSION = YES;
				CLANG_WARN_OBJC_ROOT_CLASS = YES_ERROR;
				CLANG_WARN_QUOTED_INCLUDE_IN_FRAMEWORK_HEADER = YES;
				CLANG_WARN_RANGE_LOOP_ANALYSIS = YES;
				CLANG_WARN_STRICT_PROTOTYPES = YES;
				CLANG_WARN_SUSPICIOUS_MOVE = YES;
				CLANG_WARN_UNGUARDED_AVAILABILITY = YES_AGGRESSIVE;
				CLANG_WARN_UNREACHABLE_CODE = YES;
				CLANG_WARN__DUPLICATE_METHOD_MATCH = YES;
				COPY_PHASE_STRIP = NO;
				DEBUG_INFORMATION_FORMAT = "dwarf-with-dsym";
				ENABLE_NS_ASSERTIONS = NO;
				ENABLE_STRICT_OBJC_MSGSEND = YES;
				GCC_C_LANGUAGE_STANDARD = gnu11;
				GCC_NO_COMMON_BLOCKS = YES;
				GCC_WARN_64_TO_32_BIT_CONVERSION = YES;
				GCC_WARN_ABOUT_RETURN_TYPE = YES_ERROR;
				GCC_WARN_UNDECLARED_SELECTOR = YES;
				GCC_WARN_UNINITIALIZED_AUTOS = YES_AGGRESSIVE;
				GCC_WARN_UNUSED_FUNCTION = YES;
				GCC_WARN_UNUSED_VARIABLE = YES;
				IPHONEOS_DEPLOYMENT_TARGET = 16.0;
				MTL_ENABLE_DEBUG_INFO = NO;
				MTL_FAST_MATH = YES;
				SDKROOT = iphoneos;
				SWIFT_COMPILATION_MODE = wholemodule;
				SWIFT_OPTIMIZATION_LEVEL = "-O";
				VALIDATE_PRODUCT = YES;
			};
			name = Release;
		};
		B83E0492295DB70600B2F834 /* Debug */ = {
			isa = XCBuildConfiguration;
			buildSettings = {
				ASSETCATALOG_COMPILER_APPICON_NAME = AppIcon;
				ASSETCATALOG_COMPILER_GLOBAL_ACCENT_COLOR_NAME = AccentColor;
				CODE_SIGN_STYLE = Automatic;
				CURRENT_PROJECT_VERSION = 1;
				GENERATE_INFOPLIST_FILE = YES;
				INFOPLIST_FILE = 2DoList_iOS/Info.plist;
				INFOPLIST_KEY_UIApplicationSupportsIndirectInputEvents = YES;
				INFOPLIST_KEY_UILaunchStoryboardName = LaunchScreen;
				INFOPLIST_KEY_UIMainStoryboardFile = Main;
				INFOPLIST_KEY_UISupportedInterfaceOrientations_iPad = "UIInterfaceOrientationPortrait UIInterfaceOrientationPortraitUpsideDown UIInterfaceOrientationLandscapeLeft UIInterfaceOrientationLandscapeRight";
				INFOPLIST_KEY_UISupportedInterfaceOrientations_iPhone = "UIInterfaceOrientationPortrait UIInterfaceOrientationLandscapeLeft UIInterfaceOrientationLandscapeRight";
				LD_RUNPATH_SEARCH_PATHS = (
					"$(inherited)",
					"@executable_path/Frameworks",
				);
				MARKETING_VERSION = 1.0;
				PRODUCT_BUNDLE_IDENTIFIER = "com.jay.-DoList-iOS";
				PRODUCT_NAME = "$(TARGET_NAME)";
				SWIFT_EMIT_LOC_STRINGS = YES;
				SWIFT_VERSION = 5.0;
				TARGETED_DEVICE_FAMILY = "1,2";
			};
			name = Debug;
		};
		B83E0493295DB70600B2F834 /* Release */ = {
			isa = XCBuildConfiguration;
			buildSettings = {
				ASSETCATALOG_COMPILER_APPICON_NAME = AppIcon;
				ASSETCATALOG_COMPILER_GLOBAL_ACCENT_COLOR_NAME = AccentColor;
				CODE_SIGN_STYLE = Automatic;
				CURRENT_PROJECT_VERSION = 1;
				GENERATE_INFOPLIST_FILE = YES;
				INFOPLIST_FILE = 2DoList_iOS/Info.plist;
				INFOPLIST_KEY_UIApplicationSupportsIndirectInputEvents = YES;
				INFOPLIST_KEY_UILaunchStoryboardName = LaunchScreen;
				INFOPLIST_KEY_UIMainStoryboardFile = Main;
				INFOPLIST_KEY_UISupportedInterfaceOrientations_iPad = "UIInterfaceOrientationPortrait UIInterfaceOrientationPortraitUpsideDown UIInterfaceOrientationLandscapeLeft UIInterfaceOrientationLandscapeRight";
				INFOPLIST_KEY_UISupportedInterfaceOrientations_iPhone = "UIInterfaceOrientationPortrait UIInterfaceOrientationLandscapeLeft UIInterfaceOrientationLandscapeRight";
				LD_RUNPATH_SEARCH_PATHS = (
					"$(inherited)",
					"@executable_path/Frameworks",
				);
				MARKETING_VERSION = 1.0;
				PRODUCT_BUNDLE_IDENTIFIER = "com.jay.-DoList-iOS";
				PRODUCT_NAME = "$(TARGET_NAME)";
				SWIFT_EMIT_LOC_STRINGS = YES;
				SWIFT_VERSION = 5.0;
				TARGETED_DEVICE_FAMILY = "1,2";
			};
			name = Release;
		};
		B83E0495295DB70600B2F834 /* Debug */ = {
			isa = XCBuildConfiguration;
			buildSettings = {
				ALWAYS_EMBED_SWIFT_STANDARD_LIBRARIES = YES;
				BUNDLE_LOADER = "$(TEST_HOST)";
				CODE_SIGN_STYLE = Automatic;
				CURRENT_PROJECT_VERSION = 1;
				GENERATE_INFOPLIST_FILE = YES;
				IPHONEOS_DEPLOYMENT_TARGET = 16.0;
				MARKETING_VERSION = 1.0;
				PRODUCT_BUNDLE_IDENTIFIER = "com.jay.-DoList-iOSTests";
				PRODUCT_NAME = "$(TARGET_NAME)";
				SWIFT_EMIT_LOC_STRINGS = NO;
				SWIFT_VERSION = 5.0;
				TARGETED_DEVICE_FAMILY = "1,2";
				TEST_HOST = "$(BUILT_PRODUCTS_DIR)/2DoList_iOS.app/$(BUNDLE_EXECUTABLE_FOLDER_PATH)/2DoList_iOS";
			};
			name = Debug;
		};
		B83E0496295DB70600B2F834 /* Release */ = {
			isa = XCBuildConfiguration;
			buildSettings = {
				ALWAYS_EMBED_SWIFT_STANDARD_LIBRARIES = YES;
				BUNDLE_LOADER = "$(TEST_HOST)";
				CODE_SIGN_STYLE = Automatic;
				CURRENT_PROJECT_VERSION = 1;
				GENERATE_INFOPLIST_FILE = YES;
				IPHONEOS_DEPLOYMENT_TARGET = 16.0;
				MARKETING_VERSION = 1.0;
				PRODUCT_BUNDLE_IDENTIFIER = "com.jay.-DoList-iOSTests";
				PRODUCT_NAME = "$(TARGET_NAME)";
				SWIFT_EMIT_LOC_STRINGS = NO;
				SWIFT_VERSION = 5.0;
				TARGETED_DEVICE_FAMILY = "1,2";
				TEST_HOST = "$(BUILT_PRODUCTS_DIR)/2DoList_iOS.app/$(BUNDLE_EXECUTABLE_FOLDER_PATH)/2DoList_iOS";
			};
			name = Release;
		};
		B83E0498295DB70600B2F834 /* Debug */ = {
			isa = XCBuildConfiguration;
			buildSettings = {
				ALWAYS_EMBED_SWIFT_STANDARD_LIBRARIES = YES;
				CODE_SIGN_STYLE = Automatic;
				CURRENT_PROJECT_VERSION = 1;
				GENERATE_INFOPLIST_FILE = YES;
				MARKETING_VERSION = 1.0;
				PRODUCT_BUNDLE_IDENTIFIER = "com.jay.-DoList-iOSUITests";
				PRODUCT_NAME = "$(TARGET_NAME)";
				SWIFT_EMIT_LOC_STRINGS = NO;
				SWIFT_VERSION = 5.0;
				TARGETED_DEVICE_FAMILY = "1,2";
				TEST_TARGET_NAME = 2DoList_iOS;
			};
			name = Debug;
		};
		B83E0499295DB70600B2F834 /* Release */ = {
			isa = XCBuildConfiguration;
			buildSettings = {
				ALWAYS_EMBED_SWIFT_STANDARD_LIBRARIES = YES;
				CODE_SIGN_STYLE = Automatic;
				CURRENT_PROJECT_VERSION = 1;
				GENERATE_INFOPLIST_FILE = YES;
				MARKETING_VERSION = 1.0;
				PRODUCT_BUNDLE_IDENTIFIER = "com.jay.-DoList-iOSUITests";
				PRODUCT_NAME = "$(TARGET_NAME)";
				SWIFT_EMIT_LOC_STRINGS = NO;
				SWIFT_VERSION = 5.0;
				TARGETED_DEVICE_FAMILY = "1,2";
				TEST_TARGET_NAME = 2DoList_iOS;
			};
			name = Release;
		};
/* End XCBuildConfiguration section */

/* Begin XCConfigurationList section */
		B83E0462295DB70500B2F834 /* Build configuration list for PBXProject "2DoList_iOS" */ = {
			isa = XCConfigurationList;
			buildConfigurations = (
				B83E048F295DB70600B2F834 /* Debug */,
				B83E0490295DB70600B2F834 /* Release */,
			);
			defaultConfigurationIsVisible = 0;
			defaultConfigurationName = Release;
		};
		B83E0491295DB70600B2F834 /* Build configuration list for PBXNativeTarget "2DoList_iOS" */ = {
			isa = XCConfigurationList;
			buildConfigurations = (
				B83E0492295DB70600B2F834 /* Debug */,
				B83E0493295DB70600B2F834 /* Release */,
			);
			defaultConfigurationIsVisible = 0;
			defaultConfigurationName = Release;
		};
		B83E0494295DB70600B2F834 /* Build configuration list for PBXNativeTarget "2DoList_iOSTests" */ = {
			isa = XCConfigurationList;
			buildConfigurations = (
				B83E0495295DB70600B2F834 /* Debug */,
				B83E0496295DB70600B2F834 /* Release */,
			);
			defaultConfigurationIsVisible = 0;
			defaultConfigurationName = Release;
		};
		B83E0497295DB70600B2F834 /* Build configuration list for PBXNativeTarget "2DoList_iOSUITests" */ = {
			isa = XCConfigurationList;
			buildConfigurations = (
				B83E0498295DB70600B2F834 /* Debug */,
				B83E0499295DB70600B2F834 /* Release */,
			);
			defaultConfigurationIsVisible = 0;
			defaultConfigurationName = Release;
		};
/* End XCConfigurationList section */
	};
	rootObject = B83E045F295DB70500B2F834 /* Project object */;
}
